
Microsoft Visual Studio Solution File, Format Version 12.00
# Visual Studio Version 17
VisualStudioVersion = 17.14.36301.6
MinimumVisualStudioVersion = 10.0.40219.1
Project("{FAE04EC0-301F-11D3-BF4B-00C04F79EFBC}") = "Gladhen3", "Gladhen3.csproj", "{E0685F73-89B5-423F-94BC-14D8139B9938}"
EndProject
Project("{8BC9CEB8-8B4A-11D0-8D11-00A0C91BC942}") = "ShellExtension", "Interop\ShellExtension.vcxproj", "{7DFA0D15-91CC-6B2A-F8B6-55B1680CB7D9}"
EndProject
Project("{2150E333-8FDC-42A3-9474-1A3956D46DE8}") = "Solution Items", "Solution Items", "{8EC462FD-D22E-90A8-E5CE-7E832BA40C5D}"
	ProjectSection(SolutionItems) = preProject
		README.md = README.md
	EndProjectSection
EndProject
Global
	GlobalSection(SolutionConfigurationPlatforms) = preSolution
		Debug|ARM64 = Debug|ARM64
		Debug|x64 = Debug|x64
		Debug|x86 = Debug|x86
		Release|ARM64 = Release|ARM64
		Release|x64 = Release|x64
		Release|x86 = Release|x86
	EndGlobalSection
	GlobalSection(ProjectConfigurationPlatforms) = postSolution
		{E0685F73-89B5-423F-94BC-14D8139B9938}.Debug|ARM64.ActiveCfg = Debug|ARM64
		{E0685F73-89B5-423F-94BC-14D8139B9938}.Debug|ARM64.Build.0 = Debug|ARM64
		{E0685F73-89B5-423F-94BC-14D8139B9938}.Debug|ARM64.Deploy.0 = Debug|ARM64
		{E0685F73-89B5-423F-94BC-14D8139B9938}.Debug|x64.ActiveCfg = Debug|x64
		{E0685F73-89B5-423F-94BC-14D8139B9938}.Debug|x64.Build.0 = Debug|x64
		{E0685F73-89B5-423F-94BC-14D8139B9938}.Debug|x64.Deploy.0 = Debug|x64
		{E0685F73-89B5-423F-94BC-14D8139B9938}.Debug|x86.ActiveCfg = Debug|x86
		{E0685F73-89B5-423F-94BC-14D8139B9938}.Debug|x86.Build.0 = Debug|x86
		{E0685F73-89B5-423F-94BC-14D8139B9938}.Debug|x86.Deploy.0 = Debug|x86
		{E0685F73-89B5-423F-94BC-14D8139B9938}.Release|ARM64.ActiveCfg = Release|ARM64
		{E0685F73-89B5-423F-94BC-14D8139B9938}.Release|ARM64.Build.0 = Release|ARM64
		{E0685F73-89B5-423F-94BC-14D8139B9938}.Release|ARM64.Deploy.0 = Release|ARM64
		{E0685F73-89B5-423F-94BC-14D8139B9938}.Release|x64.ActiveCfg = Release|x64
		{E0685F73-89B5-423F-94BC-14D8139B9938}.Release|x64.Build.0 = Release|x64
		{E0685F73-89B5-423F-94BC-14D8139B9938}.Release|x64.Deploy.0 = Release|x64
		{E0685F73-89B5-423F-94BC-14D8139B9938}.Release|x86.ActiveCfg = Release|x86
		{E0685F73-89B5-423F-94BC-14D8139B9938}.Release|x86.Build.0 = Release|x86
		{E0685F73-89B5-423F-94BC-14D8139B9938}.Release|x86.Deploy.0 = Release|x86
		{7DFA0D15-91CC-6B2A-F8B6-55B1680CB7D9}.Debug|ARM64.ActiveCfg = Debug|x64
		{7DFA0D15-91CC-6B2A-F8B6-55B1680CB7D9}.Debug|ARM64.Build.0 = Debug|x64
		{7DFA0D15-91CC-6B2A-F8B6-55B1680CB7D9}.Debug|x64.ActiveCfg = Debug|x64
		{7DFA0D15-91CC-6B2A-F8B6-55B1680CB7D9}.Debug|x64.Build.0 = Debug|x64
		{7DFA0D15-91CC-6B2A-F8B6-55B1680CB7D9}.Debug|x86.ActiveCfg = Debug|Win32
		{7DFA0D15-91CC-6B2A-F8B6-55B1680CB7D9}.Debug|x86.Build.0 = Debug|Win32
		{7DFA0D15-91CC-6B2A-F8B6-55B1680CB7D9}.Release|ARM64.ActiveCfg = Release|x64
		{7DFA0D15-91CC-6B2A-F8B6-55B1680CB7D9}.Release|ARM64.Build.0 = Release|x64
		{7DFA0D15-91CC-6B2A-F8B6-55B1680CB7D9}.Release|x64.ActiveCfg = Release|x64
		{7DFA0D15-91CC-6B2A-F8B6-55B1680CB7D9}.Release|x64.Build.0 = Release|x64
		{7DFA0D15-91CC-6B2A-F8B6-55B1680CB7D9}.Release|x86.ActiveCfg = Release|Win32
		{7DFA0D15-91CC-6B2A-F8B6-55B1680CB7D9}.Release|x86.Build.0 = Release|Win32
	EndGlobalSection
	GlobalSection(SolutionProperties) = preSolution
		HideSolutionNode = FALSE
	EndGlobalSection
	GlobalSection(ExtensibilityGlobals) = postSolution
		SolutionGuid = {C3B3B6A4-15E9-4360-9574-8ECB4D8239ED}
	EndGlobalSection
EndGlobal
